
Microsoft Visual Studio Solution File, Format Version 12.00
# Visual Studio Version 17
VisualStudioVersion = 17.2.32526.322
MinimumVisualStudioVersion = 10.0.40219.1
Project("{9A19103F-16F7-4668-BE54-9A1E7A4F7556}") = "ControlAssuranceAPI", "ControlAssuranceAPI\ControlAssuranceAPI.csproj", "{DA112399-6A4B-487E-A4BE-9EA96B32D612}"
EndProject
Global
	GlobalSection(SolutionConfigurationPlatforms) = preSolution
		Debug|Any CPU = Debug|Any CPU
		Release|Any CPU = Release|Any CPU
	EndGlobalSection
	GlobalSection(ProjectConfigurationPlatforms) = postSolution
		{DA112399-6A4B-487E-A4BE-9EA96B32D612}.Debug|Any CPU.ActiveCfg = Debug|Any CPU
		{DA112399-6A4B-487E-A4BE-9EA96B32D612}.Debug|Any CPU.Build.0 = Debug|Any CPU
		{DA112399-6A4B-487E-A4BE-9EA96B32D612}.Release|Any CPU.ActiveCfg = Release|Any CPU
		{DA112399-6A4B-487E-A4BE-9EA96B32D612}.Release|Any CPU.Build.0 = Release|Any CPU
	EndGlobalSection
	GlobalSection(SolutionProperties) = preSolution
		HideSolutionNode = FALSE
	EndGlobalSection
	GlobalSection(ExtensibilityGlobals) = postSolution
		SolutionGuid = {445BC342-7E30-40DC-BA23-7990BCBD0A14}
	EndGlobalSection
EndGlobal
